
Microsoft Visual Studio Solution File, Format Version 12.00
# Visual Studio Version 17
VisualStudioVersion = 17.4.33403.182
MinimumVisualStudioVersion = 10.0.40219.1
Project("{FAE04EC0-301F-11D3-BF4B-00C04F79EFBC}") = "appjoke", "appjoke.csproj", "{83AD8CB3-D474-4D9E-979D-415E1CF35385}"
EndProject
Global
	GlobalSection(SolutionConfigurationPlatforms) = preSolution
		Debug|Any CPU = Debug|Any CPU
		Release|Any CPU = Release|Any CPU
	EndGlobalSection
	GlobalSection(ProjectConfigurationPlatforms) = postSolution
		{83AD8CB3-D474-4D9E-979D-415E1CF35385}.Debug|Any CPU.ActiveCfg = Debug|Any CPU
		{83AD8CB3-D474-4D9E-979D-415E1CF35385}.Debug|Any CPU.Build.0 = Debug|Any CPU
		{83AD8CB3-D474-4D9E-979D-415E1CF35385}.Release|Any CPU.ActiveCfg = Release|Any CPU
		{83AD8CB3-D474-4D9E-979D-415E1CF35385}.Release|Any CPU.Build.0 = Release|Any CPU
	EndGlobalSection
	GlobalSection(SolutionProperties) = preSolution
		HideSolutionNode = FALSE
	EndGlobalSection
	GlobalSection(ExtensibilityGlobals) = postSolution
		SolutionGuid = {406674DE-B437-42E6-9E2B-4846A02587F3}
	EndGlobalSection
EndGlobal
